
Microsoft Visual Studio Solution File, Format Version 12.00
# Visual Studio Version 17
VisualStudioVersion = 17.8.34511.84
MinimumVisualStudioVersion = 10.0.40219.1
Project("{FAE04EC0-301F-11D3-BF4B-00C04F79EFBC}") = "LibraryIMS", "LibraryIMS\LibraryIMS.csproj", "{98D1BA9D-F5D1-4A8C-8A7C-9B8DA2A07D1B}"
EndProject
Global
	GlobalSection(SolutionConfigurationPlatforms) = preSolution
		Debug|Any CPU = Debug|Any CPU
		Release|Any CPU = Release|Any CPU
	EndGlobalSection
	GlobalSection(ProjectConfigurationPlatforms) = postSolution
		{98D1BA9D-F5D1-4A8C-8A7C-9B8DA2A07D1B}.Debug|Any CPU.ActiveCfg = Debug|Any CPU
		{98D1BA9D-F5D1-4A8C-8A7C-9B8DA2A07D1B}.Debug|Any CPU.Build.0 = Debug|Any CPU
		{98D1BA9D-F5D1-4A8C-8A7C-9B8DA2A07D1B}.Release|Any CPU.ActiveCfg = Release|Any CPU
		{98D1BA9D-F5D1-4A8C-8A7C-9B8DA2A07D1B}.Release|Any CPU.Build.0 = Release|Any CPU
	EndGlobalSection
	GlobalSection(SolutionProperties) = preSolution
		HideSolutionNode = FALSE
	EndGlobalSection
	GlobalSection(ExtensibilityGlobals) = postSolution
		SolutionGuid = {183272F5-6381-4B99-995C-700F4FCC9C54}
	EndGlobalSection
EndGlobal
